
Microsoft Visual Studio Solution File, Format Version 12.00
# Visual Studio Version 17
VisualStudioVersion = 17.14.36930.0 d17.14
MinimumVisualStudioVersion = 10.0.40219.1
Project("{FAE04EC0-301F-11D3-BF4B-00C04F79EFBC}") = "ProgrammingInCSharp2026", "ProgrammingInCSharp2026.csproj", "{9BCE1F24-3B41-42FC-A479-1F4A798078EF}"
EndProject
Global
	GlobalSection(SolutionConfigurationPlatforms) = preSolution
		Debug|Any CPU = Debug|Any CPU
		Release|Any CPU = Release|Any CPU
	EndGlobalSection
	GlobalSection(ProjectConfigurationPlatforms) = postSolution
		{9BCE1F24-3B41-42FC-A479-1F4A798078EF}.Debug|Any CPU.ActiveCfg = Debug|Any CPU
		{9BCE1F24-3B41-42FC-A479-1F4A798078EF}.Debug|Any CPU.Build.0 = Debug|Any CPU
		{9BCE1F24-3B41-42FC-A479-1F4A798078EF}.Release|Any CPU.ActiveCfg = Release|Any CPU
		{9BCE1F24-3B41-42FC-A479-1F4A798078EF}.Release|Any CPU.Build.0 = Release|Any CPU
	EndGlobalSection
	GlobalSection(SolutionProperties) = preSolution
		HideSolutionNode = FALSE
	EndGlobalSection
	GlobalSection(ExtensibilityGlobals) = postSolution
		SolutionGuid = {8DCA9E41-B2FA-42ED-B4B1-0B8D10541F9A}
	EndGlobalSection
EndGlobal
