
Microsoft Visual Studio Solution File, Format Version 12.00
# Visual Studio Version 18
VisualStudioVersion = 18.3.11527.330 d18.3
MinimumVisualStudioVersion = 10.0.40219.1
Project("{FAE04EC0-301F-11D3-BF4B-00C04F79EFBC}") = "TaskManager.DBModels", "TaskManager.DBModels\TaskManager.DBModels.csproj", "{F12BDD41-E479-4284-9BA0-37CBD2A80286}"
EndProject
Project("{FAE04EC0-301F-11D3-BF4B-00C04F79EFBC}") = "TaskManager.Common", "TaskManager.Common\TaskManager.Common.csproj", "{6CC7B633-7DA4-47BC-BC27-621F88C24F49}"
EndProject
Project("{FAE04EC0-301F-11D3-BF4B-00C04F79EFBC}") = "TaskManager.Services", "TaskManager.Services\TaskManager.Services.csproj", "{A3137E4B-4B3D-4993-8FC0-A91CD7BA5D23}"
EndProject
Project("{FAE04EC0-301F-11D3-BF4B-00C04F79EFBC}") = "TaskManager", "TaskManager\TaskManager.csproj", "{EB8A16FD-C00A-4C20-80AB-8D503F8AF112}"
EndProject
Project("{FAE04EC0-301F-11D3-BF4B-00C04F79EFBC}") = "TaskManager.Storage", "TaskManager.Storage\TaskManager.Storage.csproj", "{07E14B64-C916-49C7-842C-5DDF04EA5EC6}"
EndProject
Project("{FAE04EC0-301F-11D3-BF4B-00C04F79EFBC}") = "TaskManager.Repositories", "TaskManager.Repositories\TaskManager.Repositories.csproj", "{6ED8A66D-76D7-4A51-AA99-64ACAA33CEE3}"
EndProject
Project("{FAE04EC0-301F-11D3-BF4B-00C04F79EFBC}") = "TaskManager.DTOModels", "TaskManager.DTOModels\TaskManager.DTOModels.csproj", "{6588721C-A969-4AC3-919B-93D4AD9F0DEA}"
EndProject
Global
	GlobalSection(SolutionConfigurationPlatforms) = preSolution
		Debug|Any CPU = Debug|Any CPU
		Release|Any CPU = Release|Any CPU
	EndGlobalSection
	GlobalSection(ProjectConfigurationPlatforms) = postSolution
		{F12BDD41-E479-4284-9BA0-37CBD2A80286}.Debug|Any CPU.ActiveCfg = Debug|Any CPU
		{F12BDD41-E479-4284-9BA0-37CBD2A80286}.Debug|Any CPU.Build.0 = Debug|Any CPU
		{F12BDD41-E479-4284-9BA0-37CBD2A80286}.Release|Any CPU.ActiveCfg = Release|Any CPU
		{F12BDD41-E479-4284-9BA0-37CBD2A80286}.Release|Any CPU.Build.0 = Release|Any CPU
		{6CC7B633-7DA4-47BC-BC27-621F88C24F49}.Debug|Any CPU.ActiveCfg = Debug|Any CPU
		{6CC7B633-7DA4-47BC-BC27-621F88C24F49}.Debug|Any CPU.Build.0 = Debug|Any CPU
		{6CC7B633-7DA4-47BC-BC27-621F88C24F49}.Release|Any CPU.ActiveCfg = Release|Any CPU
		{6CC7B633-7DA4-47BC-BC27-621F88C24F49}.Release|Any CPU.Build.0 = Release|Any CPU
		{A3137E4B-4B3D-4993-8FC0-A91CD7BA5D23}.Debug|Any CPU.ActiveCfg = Debug|Any CPU
		{A3137E4B-4B3D-4993-8FC0-A91CD7BA5D23}.Debug|Any CPU.Build.0 = Debug|Any CPU
		{A3137E4B-4B3D-4993-8FC0-A91CD7BA5D23}.Release|Any CPU.ActiveCfg = Release|Any CPU
		{A3137E4B-4B3D-4993-8FC0-A91CD7BA5D23}.Release|Any CPU.Build.0 = Release|Any CPU
		{EB8A16FD-C00A-4C20-80AB-8D503F8AF112}.Debug|Any CPU.ActiveCfg = Debug|Any CPU
		{EB8A16FD-C00A-4C20-80AB-8D503F8AF112}.Debug|Any CPU.Build.0 = Debug|Any CPU
		{EB8A16FD-C00A-4C20-80AB-8D503F8AF112}.Debug|Any CPU.Deploy.0 = Debug|Any CPU
		{EB8A16FD-C00A-4C20-80AB-8D503F8AF112}.Release|Any CPU.ActiveCfg = Release|Any CPU
		{EB8A16FD-C00A-4C20-80AB-8D503F8AF112}.Release|Any CPU.Build.0 = Release|Any CPU
		{07E14B64-C916-49C7-842C-5DDF04EA5EC6}.Debug|Any CPU.ActiveCfg = Debug|Any CPU
		{07E14B64-C916-49C7-842C-5DDF04EA5EC6}.Debug|Any CPU.Build.0 = Debug|Any CPU
		{07E14B64-C916-49C7-842C-5DDF04EA5EC6}.Release|Any CPU.ActiveCfg = Release|Any CPU
		{07E14B64-C916-49C7-842C-5DDF04EA5EC6}.Release|Any CPU.Build.0 = Release|Any CPU
		{6ED8A66D-76D7-4A51-AA99-64ACAA33CEE3}.Debug|Any CPU.ActiveCfg = Debug|Any CPU
		{6ED8A66D-76D7-4A51-AA99-64ACAA33CEE3}.Debug|Any CPU.Build.0 = Debug|Any CPU
		{6ED8A66D-76D7-4A51-AA99-64ACAA33CEE3}.Release|Any CPU.ActiveCfg = Release|Any CPU
		{6ED8A66D-76D7-4A51-AA99-64ACAA33CEE3}.Release|Any CPU.Build.0 = Release|Any CPU
		{6588721C-A969-4AC3-919B-93D4AD9F0DEA}.Debug|Any CPU.ActiveCfg = Debug|Any CPU
		{6588721C-A969-4AC3-919B-93D4AD9F0DEA}.Debug|Any CPU.Build.0 = Debug|Any CPU
		{6588721C-A969-4AC3-919B-93D4AD9F0DEA}.Release|Any CPU.ActiveCfg = Release|Any CPU
		{6588721C-A969-4AC3-919B-93D4AD9F0DEA}.Release|Any CPU.Build.0 = Release|Any CPU
	EndGlobalSection
	GlobalSection(SolutionProperties) = preSolution
		HideSolutionNode = FALSE
	EndGlobalSection
	GlobalSection(ExtensibilityGlobals) = postSolution
		SolutionGuid = {B33F7455-F44B-452E-ABDB-A02176267688}
	EndGlobalSection
EndGlobal
